
Microsoft Visual Studio Solution File, Format Version 12.00
# Visual Studio Version 17
VisualStudioVersion = 17.14.36414.22 d17.14
MinimumVisualStudioVersion = 10.0.40219.1
Project("{FAE04EC0-301F-11D3-BF4B-00C04F79EFBC}") = "BaiTapThietKeForm", "BaiTapThietKeForm\BaiTapThietKeForm.csproj", "{817A0BAC-BC6C-48F1-BDA2-CED097FD6BC9}"
EndProject
Global
	GlobalSection(SolutionConfigurationPlatforms) = preSolution
		Debug|Any CPU = Debug|Any CPU
		Release|Any CPU = Release|Any CPU
	EndGlobalSection
	GlobalSection(ProjectConfigurationPlatforms) = postSolution
		{817A0BAC-BC6C-48F1-BDA2-CED097FD6BC9}.Debug|Any CPU.ActiveCfg = Debug|Any CPU
		{817A0BAC-BC6C-48F1-BDA2-CED097FD6BC9}.Debug|Any CPU.Build.0 = Debug|Any CPU
		{817A0BAC-BC6C-48F1-BDA2-CED097FD6BC9}.Release|Any CPU.ActiveCfg = Release|Any CPU
		{817A0BAC-BC6C-48F1-BDA2-CED097FD6BC9}.Release|Any CPU.Build.0 = Release|Any CPU
	EndGlobalSection
	GlobalSection(SolutionProperties) = preSolution
		HideSolutionNode = FALSE
	EndGlobalSection
	GlobalSection(ExtensibilityGlobals) = postSolution
		SolutionGuid = {A8CA1F79-DC88-481D-A6C7-6D6A6DACACA7}
	EndGlobalSection
EndGlobal
