
Microsoft Visual Studio Solution File, Format Version 12.00
# Visual Studio Version 17
VisualStudioVersion = 17.14.36414.22
MinimumVisualStudioVersion = 10.0.40219.1
Project("{FAE04EC0-301F-11D3-BF4B-00C04F79EFBC}") = "BaiTapWinform", "BaiTapWinform\BaiTapWinform.csproj", "{146ED861-4431-423E-B805-FBAA07822F87}"
EndProject
Project("{FAE04EC0-301F-11D3-BF4B-00C04F79EFBC}") = "BaiTap2", "BaiTap2\BaiTap2.csproj", "{54677292-BDFD-4D5C-B532-9D1290CF63D1}"
EndProject
Project("{FAE04EC0-301F-11D3-BF4B-00C04F79EFBC}") = "BaiTap3", "BaiTap3\BaiTap3.csproj", "{ADE7B3DC-11E8-432B-8717-1E1272C40E0A}"
EndProject
Project("{FAE04EC0-301F-11D3-BF4B-00C04F79EFBC}") = "BaiTap4", "BaiTap4\BaiTap4.csproj", "{927AA912-A64E-445E-A053-6E6CE7434141}"
EndProject
Global
	GlobalSection(SolutionConfigurationPlatforms) = preSolution
		Debug|Any CPU = Debug|Any CPU
		Release|Any CPU = Release|Any CPU
	EndGlobalSection
	GlobalSection(ProjectConfigurationPlatforms) = postSolution
		{146ED861-4431-423E-B805-FBAA07822F87}.Debug|Any CPU.ActiveCfg = Debug|Any CPU
		{146ED861-4431-423E-B805-FBAA07822F87}.Debug|Any CPU.Build.0 = Debug|Any CPU
		{146ED861-4431-423E-B805-FBAA07822F87}.Release|Any CPU.ActiveCfg = Release|Any CPU
		{146ED861-4431-423E-B805-FBAA07822F87}.Release|Any CPU.Build.0 = Release|Any CPU
		{54677292-BDFD-4D5C-B532-9D1290CF63D1}.Debug|Any CPU.ActiveCfg = Debug|Any CPU
		{54677292-BDFD-4D5C-B532-9D1290CF63D1}.Debug|Any CPU.Build.0 = Debug|Any CPU
		{54677292-BDFD-4D5C-B532-9D1290CF63D1}.Release|Any CPU.ActiveCfg = Release|Any CPU
		{54677292-BDFD-4D5C-B532-9D1290CF63D1}.Release|Any CPU.Build.0 = Release|Any CPU
		{ADE7B3DC-11E8-432B-8717-1E1272C40E0A}.Debug|Any CPU.ActiveCfg = Debug|Any CPU
		{ADE7B3DC-11E8-432B-8717-1E1272C40E0A}.Debug|Any CPU.Build.0 = Debug|Any CPU
		{ADE7B3DC-11E8-432B-8717-1E1272C40E0A}.Release|Any CPU.ActiveCfg = Release|Any CPU
		{ADE7B3DC-11E8-432B-8717-1E1272C40E0A}.Release|Any CPU.Build.0 = Release|Any CPU
		{927AA912-A64E-445E-A053-6E6CE7434141}.Debug|Any CPU.ActiveCfg = Debug|Any CPU
		{927AA912-A64E-445E-A053-6E6CE7434141}.Debug|Any CPU.Build.0 = Debug|Any CPU
		{927AA912-A64E-445E-A053-6E6CE7434141}.Release|Any CPU.ActiveCfg = Release|Any CPU
		{927AA912-A64E-445E-A053-6E6CE7434141}.Release|Any CPU.Build.0 = Release|Any CPU
	EndGlobalSection
	GlobalSection(SolutionProperties) = preSolution
		HideSolutionNode = FALSE
	EndGlobalSection
	GlobalSection(ExtensibilityGlobals) = postSolution
		SolutionGuid = {7ADF8225-9BCF-4A82-A685-BB908EF14465}
	EndGlobalSection
EndGlobal
