
Microsoft Visual Studio Solution File, Format Version 12.00
# Visual Studio Version 16
VisualStudioVersion = 16.0.30523.141
MinimumVisualStudioVersion = 10.0.40219.1
Project("{FAE04EC0-301F-11D3-BF4B-00C04F79EFBC}") = "Lab_Basic_Command", "Lab_Basic_Command\Lab_Basic_Command.csproj", "{5883E391-24C9-402A-B767-BF87EB44E007}"
EndProject
Global
	GlobalSection(SolutionConfigurationPlatforms) = preSolution
		Debug|Any CPU = Debug|Any CPU
		Release|Any CPU = Release|Any CPU
	EndGlobalSection
	GlobalSection(ProjectConfigurationPlatforms) = postSolution
		{5883E391-24C9-402A-B767-BF87EB44E007}.Debug|Any CPU.ActiveCfg = Debug|Any CPU
		{5883E391-24C9-402A-B767-BF87EB44E007}.Debug|Any CPU.Build.0 = Debug|Any CPU
		{5883E391-24C9-402A-B767-BF87EB44E007}.Release|Any CPU.ActiveCfg = Release|Any CPU
		{5883E391-24C9-402A-B767-BF87EB44E007}.Release|Any CPU.Build.0 = Release|Any CPU
	EndGlobalSection
	GlobalSection(SolutionProperties) = preSolution
		HideSolutionNode = FALSE
	EndGlobalSection
	GlobalSection(ExtensibilityGlobals) = postSolution
		SolutionGuid = {E1636502-6AE7-492B-ABA3-1DB810692466}
	EndGlobalSection
EndGlobal
